// !$*UTF8*$!
{
	archiveVersion = 1;
	classes = {
	};
	objectVersion = 56;
	objects = {

/* Begin PBXBuildFile section */
		2B1028E32996B17500418CC6 /* csv_util.cpp in Sources */ = {isa = PBXBuildFile; fileRef = 2B1028E22996B17500418CC6 /* csv_util.cpp */; };
		2B10291C2996C76300418CC6 /* libopencv_xobjdetect.4.7.0.dylib in Frameworks */ = {isa = PBXBuildFile; fileRef = 2B1028E42996C76200418CC6 /* libopencv_xobjdetect.4.7.0.dylib */; };
		2B10291D2996C76300418CC6 /* libopencv_mcc.4.7.0.dylib in Frameworks */ = {isa = PBXBuildFile; fileRef = 2B1028E52996C76200418CC6 /* libopencv_mcc.4.7.0.dylib */; };
		2B10291E2996C76300418CC6 /* libopencv_sfm.4.7.0.dylib in Frameworks */ = {isa = PBXBuildFile; fileRef = 2B1028E62996C76200418CC6 /* libopencv_sfm.4.7.0.dylib */; };
		2B10291F2996C76300418CC6 /* libopencv_img_hash.4.7.0.dylib in Frameworks */ = {isa = PBXBuildFile; fileRef = 2B1028E72996C76200418CC6 /* libopencv_img_hash.4.7.0.dylib */; };
		2B1029202996C76300418CC6 /* libopencv_optflow.4.7.0.dylib in Frameworks */ = {isa = PBXBuildFile; fileRef = 2B1028E82996C76200418CC6 /* libopencv_optflow.4.7.0.dylib */; };
		2B1029212996C76300418CC6 /* libopencv_core.4.7.0.dylib in Frameworks */ = {isa = PBXBuildFile; fileRef = 2B1028E92996C76200418CC6 /* libopencv_core.4.7.0.dylib */; };
		2B1029222996C76300418CC6 /* libopencv_phase_unwrapping.4.7.0.dylib in Frameworks */ = {isa = PBXBuildFile; fileRef = 2B1028EA2996C76200418CC6 /* libopencv_phase_unwrapping.4.7.0.dylib */; };
		2B1029232996C76300418CC6 /* libopencv_aruco.4.7.0.dylib in Frameworks */ = {isa = PBXBuildFile; fileRef = 2B1028EB2996C76200418CC6 /* libopencv_aruco.4.7.0.dylib */; };
		2B1029242996C76300418CC6 /* libopencv_xphoto.4.7.0.dylib in Frameworks */ = {isa = PBXBuildFile; fileRef = 2B1028EC2996C76200418CC6 /* libopencv_xphoto.4.7.0.dylib */; };
		2B1029252996C76300418CC6 /* libopencv_rapid.4.7.0.dylib in Frameworks */ = {isa = PBXBuildFile; fileRef = 2B1028ED2996C76200418CC6 /* libopencv_rapid.4.7.0.dylib */; };
		2B1029262996C76300418CC6 /* libopencv_barcode.4.7.0.dylib in Frameworks */ = {isa = PBXBuildFile; fileRef = 2B1028EE2996C76200418CC6 /* libopencv_barcode.4.7.0.dylib */; };
		2B1029272996C76300418CC6 /* libopencv_line_descriptor.4.7.0.dylib in Frameworks */ = {isa = PBXBuildFile; fileRef = 2B1028EF2996C76200418CC6 /* libopencv_line_descriptor.4.7.0.dylib */; };
		2B1029282996C76300418CC6 /* libopencv_freetype.4.7.0.dylib in Frameworks */ = {isa = PBXBuildFile; fileRef = 2B1028F02996C76200418CC6 /* libopencv_freetype.4.7.0.dylib */; };
		2B1029292996C76300418CC6 /* libopencv_dnn_superres.4.7.0.dylib in Frameworks */ = {isa = PBXBuildFile; fileRef = 2B1028F12996C76200418CC6 /* libopencv_dnn_superres.4.7.0.dylib */; };
		2B10292A2996C76300418CC6 /* libopencv_flann.4.7.0.dylib in Frameworks */ = {isa = PBXBuildFile; fileRef = 2B1028F22996C76200418CC6 /* libopencv_flann.4.7.0.dylib */; };
		2B10292B2996C76300418CC6 /* libopencv_calib3d.4.7.0.dylib in Frameworks */ = {isa = PBXBuildFile; fileRef = 2B1028F32996C76200418CC6 /* libopencv_calib3d.4.7.0.dylib */; };
		2B10292C2996C76300418CC6 /* libopencv_surface_matching.4.7.0.dylib in Frameworks */ = {isa = PBXBuildFile; fileRef = 2B1028F42996C76200418CC6 /* libopencv_surface_matching.4.7.0.dylib */; };
		2B10292D2996C76300418CC6 /* libopencv_videostab.4.7.0.dylib in Frameworks */ = {isa = PBXBuildFile; fileRef = 2B1028F52996C76200418CC6 /* libopencv_videostab.4.7.0.dylib */; };
		2B10292E2996C76300418CC6 /* libopencv_ccalib.4.7.0.dylib in Frameworks */ = {isa = PBXBuildFile; fileRef = 2B1028F62996C76200418CC6 /* libopencv_ccalib.4.7.0.dylib */; };
		2B10292F2996C76300418CC6 /* libopencv_videoio.4.7.0.dylib in Frameworks */ = {isa = PBXBuildFile; fileRef = 2B1028F72996C76200418CC6 /* libopencv_videoio.4.7.0.dylib */; };
		2B1029302996C76300418CC6 /* libopencv_video.4.7.0.dylib in Frameworks */ = {isa = PBXBuildFile; fileRef = 2B1028F82996C76200418CC6 /* libopencv_video.4.7.0.dylib */; };
		2B1029312996C76300418CC6 /* libopencv_bgsegm.4.7.0.dylib in Frameworks */ = {isa = PBXBuildFile; fileRef = 2B1028F92996C76200418CC6 /* libopencv_bgsegm.4.7.0.dylib */; };
		2B1029322996C76300418CC6 /* libopencv_face.4.7.0.dylib in Frameworks */ = {isa = PBXBuildFile; fileRef = 2B1028FA2996C76200418CC6 /* libopencv_face.4.7.0.dylib */; };
		2B1029332996C76300418CC6 /* libopencv_alphamat.4.7.0.dylib in Frameworks */ = {isa = PBXBuildFile; fileRef = 2B1028FB2996C76200418CC6 /* libopencv_alphamat.4.7.0.dylib */; };
		2B1029342996C76300418CC6 /* libopencv_structured_light.4.7.0.dylib in Frameworks */ = {isa = PBXBuildFile; fileRef = 2B1028FC2996C76200418CC6 /* libopencv_structured_light.4.7.0.dylib */; };
		2B1029352996C76300418CC6 /* libopencv_viz.4.7.0.dylib in Frameworks */ = {isa = PBXBuildFile; fileRef = 2B1028FD2996C76200418CC6 /* libopencv_viz.4.7.0.dylib */; };
		2B1029362996C76300418CC6 /* libopencv_imgproc.4.7.0.dylib in Frameworks */ = {isa = PBXBuildFile; fileRef = 2B1028FE2996C76200418CC6 /* libopencv_imgproc.4.7.0.dylib */; };
		2B1029372996C76300418CC6 /* libopencv_superres.4.7.0.dylib in Frameworks */ = {isa = PBXBuildFile; fileRef = 2B1028FF2996C76200418CC6 /* libopencv_superres.4.7.0.dylib */; };
		2B1029382996C76300418CC6 /* libopencv_saliency.4.7.0.dylib in Frameworks */ = {isa = PBXBuildFile; fileRef = 2B1029002996C76200418CC6 /* libopencv_saliency.4.7.0.dylib */; };
		2B1029392996C76300418CC6 /* libopencv_rgbd.4.7.0.dylib in Frameworks */ = {isa = PBXBuildFile; fileRef = 2B1029012996C76200418CC6 /* libopencv_rgbd.4.7.0.dylib */; };
		2B10293A2996C76300418CC6 /* libopencv_photo.4.7.0.dylib in Frameworks */ = {isa = PBXBuildFile; fileRef = 2B1029022996C76200418CC6 /* libopencv_photo.4.7.0.dylib */; };
		2B10293B2996C76300418CC6 /* libopencv_dnn.4.7.0.dylib in Frameworks */ = {isa = PBXBuildFile; fileRef = 2B1029032996C76200418CC6 /* libopencv_dnn.4.7.0.dylib */; };
		2B10293C2996C76300418CC6 /* libopencv_dnn_objdetect.4.7.0.dylib in Frameworks */ = {isa = PBXBuildFile; fileRef = 2B1029042996C76200418CC6 /* libopencv_dnn_objdetect.4.7.0.dylib */; };
		2B10293D2996C76300418CC6 /* libopencv_features2d.4.7.0.dylib in Frameworks */ = {isa = PBXBuildFile; fileRef = 2B1029052996C76300418CC6 /* libopencv_features2d.4.7.0.dylib */; };
		2B10293E2996C76300418CC6 /* libopencv_plot.4.7.0.dylib in Frameworks */ = {isa = PBXBuildFile; fileRef = 2B1029062996C76300418CC6 /* libopencv_plot.4.7.0.dylib */; };
		2B10293F2996C76300418CC6 /* libopencv_stereo.4.7.0.dylib in Frameworks */ = {isa = PBXBuildFile; fileRef = 2B1029072996C76300418CC6 /* libopencv_stereo.4.7.0.dylib */; };
		2B1029402996C76300418CC6 /* libopencv_xfeatures2d.4.7.0.dylib in Frameworks */ = {isa = PBXBuildFile; fileRef = 2B1029082996C76300418CC6 /* libopencv_xfeatures2d.4.7.0.dylib */; };
		2B1029412996C76300418CC6 /* libopencv_shape.4.7.0.dylib in Frameworks */ = {isa = PBXBuildFile; fileRef = 2B1029092996C76300418CC6 /* libopencv_shape.4.7.0.dylib */; };
		2B1029422996C76300418CC6 /* libopencv_gapi.4.7.0.dylib in Frameworks */ = {isa = PBXBuildFile; fileRef = 2B10290A2996C76300418CC6 /* libopencv_gapi.4.7.0.dylib */; };
		2B1029432996C76300418CC6 /* libopencv_datasets.4.7.0.dylib in Frameworks */ = {isa = PBXBuildFile; fileRef = 2B10290B2996C76300418CC6 /* libopencv_datasets.4.7.0.dylib */; };
		2B1029442996C76300418CC6 /* libopencv_ml.4.7.0.dylib in Frameworks */ = {isa = PBXBuildFile; fileRef = 2B10290C2996C76300418CC6 /* libopencv_ml.4.7.0.dylib */; };
		2B1029452996C76300418CC6 /* libopencv_wechat_qrcode.4.7.0.dylib in Frameworks */ = {isa = PBXBuildFile; fileRef = 2B10290D2996C76300418CC6 /* libopencv_wechat_qrcode.4.7.0.dylib */; };
		2B1029462996C76300418CC6 /* libopencv_quality.4.7.0.dylib in Frameworks */ = {isa = PBXBuildFile; fileRef = 2B10290E2996C76300418CC6 /* libopencv_quality.4.7.0.dylib */; };
		2B1029472996C76300418CC6 /* libopencv_reg.4.7.0.dylib in Frameworks */ = {isa = PBXBuildFile; fileRef = 2B10290F2996C76300418CC6 /* libopencv_reg.4.7.0.dylib */; };
		2B1029482996C76300418CC6 /* libopencv_highgui.4.7.0.dylib in Frameworks */ = {isa = PBXBuildFile; fileRef = 2B1029102996C76300418CC6 /* libopencv_highgui.4.7.0.dylib */; };
		2B1029492996C76300418CC6 /* libopencv_stitching.4.7.0.dylib in Frameworks */ = {isa = PBXBuildFile; fileRef = 2B1029112996C76300418CC6 /* libopencv_stitching.4.7.0.dylib */; };
		2B10294A2996C76300418CC6 /* libopencv_hfs.4.7.0.dylib in Frameworks */ = {isa = PBXBuildFile; fileRef = 2B1029122996C76300418CC6 /* libopencv_hfs.4.7.0.dylib */; };
		2B10294B2996C76300418CC6 /* libopencv_text.4.7.0.dylib in Frameworks */ = {isa = PBXBuildFile; fileRef = 2B1029132996C76300418CC6 /* libopencv_text.4.7.0.dylib */; };
		2B10294C2996C76300418CC6 /* libopencv_dpm.4.7.0.dylib in Frameworks */ = {isa = PBXBuildFile; fileRef = 2B1029142996C76300418CC6 /* libopencv_dpm.4.7.0.dylib */; };
		2B10294D2996C76300418CC6 /* libopencv_tracking.4.7.0.dylib in Frameworks */ = {isa = PBXBuildFile; fileRef = 2B1029152996C76300418CC6 /* libopencv_tracking.4.7.0.dylib */; };
		2B10294E2996C76300418CC6 /* libopencv_objdetect.4.7.0.dylib in Frameworks */ = {isa = PBXBuildFile; fileRef = 2B1029162996C76300418CC6 /* libopencv_objdetect.4.7.0.dylib */; };
		2B10294F2996C76300418CC6 /* libopencv_imgcodecs.4.7.0.dylib in Frameworks */ = {isa = PBXBuildFile; fileRef = 2B1029172996C76300418CC6 /* libopencv_imgcodecs.4.7.0.dylib */; };
		2B1029502996C76300418CC6 /* libopencv_ximgproc.4.7.0.dylib in Frameworks */ = {isa = PBXBuildFile; fileRef = 2B1029182996C76300418CC6 /* libopencv_ximgproc.4.7.0.dylib */; };
		2B1029512996C76300418CC6 /* libopencv_intensity_transform.4.7.0.dylib in Frameworks */ = {isa = PBXBuildFile; fileRef = 2B1029192996C76300418CC6 /* libopencv_intensity_transform.4.7.0.dylib */; };
		2B1029522996C76300418CC6 /* libopencv_fuzzy.4.7.0.dylib in Frameworks */ = {isa = PBXBuildFile; fileRef = 2B10291A2996C76300418CC6 /* libopencv_fuzzy.4.7.0.dylib */; };
		2B1029532996C76300418CC6 /* libopencv_bioinspired.4.7.0.dylib in Frameworks */ = {isa = PBXBuildFile; fileRef = 2B10291B2996C76300418CC6 /* libopencv_bioinspired.4.7.0.dylib */; };
		2B5FE0AD29A1D6C000CEE09A /* CBIRSelector.cpp in Sources */ = {isa = PBXBuildFile; fileRef = 2B5FE0AB29A1D5E300CEE09A /* CBIRSelector.cpp */; };
		2B5FE0B529A1D7DA00CEE09A /* BaselineMatching.cpp in Sources */ = {isa = PBXBuildFile; fileRef = 2B5FE0B329A1D7DA00CEE09A /* BaselineMatching.cpp */; };
		2BD728262999BC6800A28681 /* HistogramMatching.cpp in Sources */ = {isa = PBXBuildFile; fileRef = 2BD728242999BC6800A28681 /* HistogramMatching.cpp */; };
		2BD72829299E7AE600A28681 /* TextureAnalysis.cpp in Sources */ = {isa = PBXBuildFile; fileRef = 2BD72827299E7AE600A28681 /* TextureAnalysis.cpp */; };
		2BD7282C29A0201B00A28681 /* CBIR.cpp in Sources */ = {isa = PBXBuildFile; fileRef = 2BD7282A29A0201B00A28681 /* CBIR.cpp */; };
/* End PBXBuildFile section */

/* Begin PBXCopyFilesBuildPhase section */
		2B329E1729961BEF00A50C45 /* CopyFiles */ = {
			isa = PBXCopyFilesBuildPhase;
			buildActionMask = 2147483647;
			dstPath = /usr/share/man/man1/;
			dstSubfolderSpec = 0;
			files = (
			);
			runOnlyForDeploymentPostprocessing = 1;
		};
/* End PBXCopyFilesBuildPhase section */

/* Begin PBXFileReference section */
		2B1028E12996B17500418CC6 /* csv_util.h */ = {isa = PBXFileReference; fileEncoding = 4; lastKnownFileType = sourcecode.c.h; name = csv_util.h; path = ../../csv_util/csv_util.h; sourceTree = "<group>"; };
		2B1028E22996B17500418CC6 /* csv_util.cpp */ = {isa = PBXFileReference; fileEncoding = 4; lastKnownFileType = sourcecode.cpp.cpp; name = csv_util.cpp; path = ../../csv_util/csv_util.cpp; sourceTree = "<group>"; };
		2B1028E42996C76200418CC6 /* libopencv_xobjdetect.4.7.0.dylib */ = {isa = PBXFileReference; lastKnownFileType = "compiled.mach-o.dylib"; name = libopencv_xobjdetect.4.7.0.dylib; path = ../../../../../../opt/homebrew/Cellar/opencv/4.7.0_1/lib/libopencv_xobjdetect.4.7.0.dylib; sourceTree = "<group>"; };
		2B1028E52996C76200418CC6 /* libopencv_mcc.4.7.0.dylib */ = {isa = PBXFileReference; lastKnownFileType = "compiled.mach-o.dylib"; name = libopencv_mcc.4.7.0.dylib; path = ../../../../../../opt/homebrew/Cellar/opencv/4.7.0_1/lib/libopencv_mcc.4.7.0.dylib; sourceTree = "<group>"; };
		2B1028E62996C76200418CC6 /* libopencv_sfm.4.7.0.dylib */ = {isa = PBXFileReference; lastKnownFileType = "compiled.mach-o.dylib"; name = libopencv_sfm.4.7.0.dylib; path = ../../../../../../opt/homebrew/Cellar/opencv/4.7.0_1/lib/libopencv_sfm.4.7.0.dylib; sourceTree = "<group>"; };
		2B1028E72996C76200418CC6 /* libopencv_img_hash.4.7.0.dylib */ = {isa = PBXFileReference; lastKnownFileType = "compiled.mach-o.dylib"; name = libopencv_img_hash.4.7.0.dylib; path = ../../../../../../opt/homebrew/Cellar/opencv/4.7.0_1/lib/libopencv_img_hash.4.7.0.dylib; sourceTree = "<group>"; };
		2B1028E82996C76200418CC6 /* libopencv_optflow.4.7.0.dylib */ = {isa = PBXFileReference; lastKnownFileType = "compiled.mach-o.dylib"; name = libopencv_optflow.4.7.0.dylib; path = ../../../../../../opt/homebrew/Cellar/opencv/4.7.0_1/lib/libopencv_optflow.4.7.0.dylib; sourceTree = "<group>"; };
		2B1028E92996C76200418CC6 /* libopencv_core.4.7.0.dylib */ = {isa = PBXFileReference; lastKnownFileType = "compiled.mach-o.dylib"; name = libopencv_core.4.7.0.dylib; path = ../../../../../../opt/homebrew/Cellar/opencv/4.7.0_1/lib/libopencv_core.4.7.0.dylib; sourceTree = "<group>"; };
		2B1028EA2996C76200418CC6 /* libopencv_phase_unwrapping.4.7.0.dylib */ = {isa = PBXFileReference; lastKnownFileType = "compiled.mach-o.dylib"; name = libopencv_phase_unwrapping.4.7.0.dylib; path = ../../../../../../opt/homebrew/Cellar/opencv/4.7.0_1/lib/libopencv_phase_unwrapping.4.7.0.dylib; sourceTree = "<group>"; };
		2B1028EB2996C76200418CC6 /* libopencv_aruco.4.7.0.dylib */ = {isa = PBXFileReference; lastKnownFileType = "compiled.mach-o.dylib"; name = libopencv_aruco.4.7.0.dylib; path = ../../../../../../opt/homebrew/Cellar/opencv/4.7.0_1/lib/libopencv_aruco.4.7.0.dylib; sourceTree = "<group>"; };
		2B1028EC2996C76200418CC6 /* libopencv_xphoto.4.7.0.dylib */ = {isa = PBXFileReference; lastKnownFileType = "compiled.mach-o.dylib"; name = libopencv_xphoto.4.7.0.dylib; path = ../../../../../../opt/homebrew/Cellar/opencv/4.7.0_1/lib/libopencv_xphoto.4.7.0.dylib; sourceTree = "<group>"; };
		2B1028ED2996C76200418CC6 /* libopencv_rapid.4.7.0.dylib */ = {isa = PBXFileReference; lastKnownFileType = "compiled.mach-o.dylib"; name = libopencv_rapid.4.7.0.dylib; path = ../../../../../../opt/homebrew/Cellar/opencv/4.7.0_1/lib/libopencv_rapid.4.7.0.dylib; sourceTree = "<group>"; };
		2B1028EE2996C76200418CC6 /* libopencv_barcode.4.7.0.dylib */ = {isa = PBXFileReference; lastKnownFileType = "compiled.mach-o.dylib"; name = libopencv_barcode.4.7.0.dylib; path = ../../../../../../opt/homebrew/Cellar/opencv/4.7.0_1/lib/libopencv_barcode.4.7.0.dylib; sourceTree = "<group>"; };
		2B1028EF2996C76200418CC6 /* libopencv_line_descriptor.4.7.0.dylib */ = {isa = PBXFileReference; lastKnownFileType = "compiled.mach-o.dylib"; name = libopencv_line_descriptor.4.7.0.dylib; path = ../../../../../../opt/homebrew/Cellar/opencv/4.7.0_1/lib/libopencv_line_descriptor.4.7.0.dylib; sourceTree = "<group>"; };
		2B1028F02996C76200418CC6 /* libopencv_freetype.4.7.0.dylib */ = {isa = PBXFileReference; lastKnownFileType = "compiled.mach-o.dylib"; name = libopencv_freetype.4.7.0.dylib; path = ../../../../../../opt/homebrew/Cellar/opencv/4.7.0_1/lib/libopencv_freetype.4.7.0.dylib; sourceTree = "<group>"; };
		2B1028F12996C76200418CC6 /* libopencv_dnn_superres.4.7.0.dylib */ = {isa = PBXFileReference; lastKnownFileType = "compiled.mach-o.dylib"; name = libopencv_dnn_superres.4.7.0.dylib; path = ../../../../../../opt/homebrew/Cellar/opencv/4.7.0_1/lib/libopencv_dnn_superres.4.7.0.dylib; sourceTree = "<group>"; };
		2B1028F22996C76200418CC6 /* libopencv_flann.4.7.0.dylib */ = {isa = PBXFileReference; lastKnownFileType = "compiled.mach-o.dylib"; name = libopencv_flann.4.7.0.dylib; path = ../../../../../../opt/homebrew/Cellar/opencv/4.7.0_1/lib/libopencv_flann.4.7.0.dylib; sourceTree = "<group>"; };
		2B1028F32996C76200418CC6 /* libopencv_calib3d.4.7.0.dylib */ = {isa = PBXFileReference; lastKnownFileType = "compiled.mach-o.dylib"; name = libopencv_calib3d.4.7.0.dylib; path = ../../../../../../opt/homebrew/Cellar/opencv/4.7.0_1/lib/libopencv_calib3d.4.7.0.dylib; sourceTree = "<group>"; };
		2B1028F42996C76200418CC6 /* libopencv_surface_matching.4.7.0.dylib */ = {isa = PBXFileReference; lastKnownFileType = "compiled.mach-o.dylib"; name = libopencv_surface_matching.4.7.0.dylib; path = ../../../../../../opt/homebrew/Cellar/opencv/4.7.0_1/lib/libopencv_surface_matching.4.7.0.dylib; sourceTree = "<group>"; };
		2B1028F52996C76200418CC6 /* libopencv_videostab.4.7.0.dylib */ = {isa = PBXFileReference; lastKnownFileType = "compiled.mach-o.dylib"; name = libopencv_videostab.4.7.0.dylib; path = ../../../../../../opt/homebrew/Cellar/opencv/4.7.0_1/lib/libopencv_videostab.4.7.0.dylib; sourceTree = "<group>"; };
		2B1028F62996C76200418CC6 /* libopencv_ccalib.4.7.0.dylib */ = {isa = PBXFileReference; lastKnownFileType = "compiled.mach-o.dylib"; name = libopencv_ccalib.4.7.0.dylib; path = ../../../../../../opt/homebrew/Cellar/opencv/4.7.0_1/lib/libopencv_ccalib.4.7.0.dylib; sourceTree = "<group>"; };
		2B1028F72996C76200418CC6 /* libopencv_videoio.4.7.0.dylib */ = {isa = PBXFileReference; lastKnownFileType = "compiled.mach-o.dylib"; name = libopencv_videoio.4.7.0.dylib; path = ../../../../../../opt/homebrew/Cellar/opencv/4.7.0_1/lib/libopencv_videoio.4.7.0.dylib; sourceTree = "<group>"; };
		2B1028F82996C76200418CC6 /* libopencv_video.4.7.0.dylib */ = {isa = PBXFileReference; lastKnownFileType = "compiled.mach-o.dylib"; name = libopencv_video.4.7.0.dylib; path = ../../../../../../opt/homebrew/Cellar/opencv/4.7.0_1/lib/libopencv_video.4.7.0.dylib; sourceTree = "<group>"; };
		2B1028F92996C76200418CC6 /* libopencv_bgsegm.4.7.0.dylib */ = {isa = PBXFileReference; lastKnownFileType = "compiled.mach-o.dylib"; name = libopencv_bgsegm.4.7.0.dylib; path = ../../../../../../opt/homebrew/Cellar/opencv/4.7.0_1/lib/libopencv_bgsegm.4.7.0.dylib; sourceTree = "<group>"; };
		2B1028FA2996C76200418CC6 /* libopencv_face.4.7.0.dylib */ = {isa = PBXFileReference; lastKnownFileType = "compiled.mach-o.dylib"; name = libopencv_face.4.7.0.dylib; path = ../../../../../../opt/homebrew/Cellar/opencv/4.7.0_1/lib/libopencv_face.4.7.0.dylib; sourceTree = "<group>"; };
		2B1028FB2996C76200418CC6 /* libopencv_alphamat.4.7.0.dylib */ = {isa = PBXFileReference; lastKnownFileType = "compiled.mach-o.dylib"; name = libopencv_alphamat.4.7.0.dylib; path = ../../../../../../opt/homebrew/Cellar/opencv/4.7.0_1/lib/libopencv_alphamat.4.7.0.dylib; sourceTree = "<group>"; };
		2B1028FC2996C76200418CC6 /* libopencv_structured_light.4.7.0.dylib */ = {isa = PBXFileReference; lastKnownFileType = "compiled.mach-o.dylib"; name = libopencv_structured_light.4.7.0.dylib; path = ../../../../../../opt/homebrew/Cellar/opencv/4.7.0_1/lib/libopencv_structured_light.4.7.0.dylib; sourceTree = "<group>"; };
		2B1028FD2996C76200418CC6 /* libopencv_viz.4.7.0.dylib */ = {isa = PBXFileReference; lastKnownFileType = "compiled.mach-o.dylib"; name = libopencv_viz.4.7.0.dylib; path = ../../../../../../opt/homebrew/Cellar/opencv/4.7.0_1/lib/libopencv_viz.4.7.0.dylib; sourceTree = "<group>"; };
		2B1028FE2996C76200418CC6 /* libopencv_imgproc.4.7.0.dylib */ = {isa = PBXFileReference; lastKnownFileType = "compiled.mach-o.dylib"; name = libopencv_imgproc.4.7.0.dylib; path = ../../../../../../opt/homebrew/Cellar/opencv/4.7.0_1/lib/libopencv_imgproc.4.7.0.dylib; sourceTree = "<group>"; };
		2B1028FF2996C76200418CC6 /* libopencv_superres.4.7.0.dylib */ = {isa = PBXFileReference; lastKnownFileType = "compiled.mach-o.dylib"; name = libopencv_superres.4.7.0.dylib; path = ../../../../../../opt/homebrew/Cellar/opencv/4.7.0_1/lib/libopencv_superres.4.7.0.dylib; sourceTree = "<group>"; };
		2B1029002996C76200418CC6 /* libopencv_saliency.4.7.0.dylib */ = {isa = PBXFileReference; lastKnownFileType = "compiled.mach-o.dylib"; name = libopencv_saliency.4.7.0.dylib; path = ../../../../../../opt/homebrew/Cellar/opencv/4.7.0_1/lib/libopencv_saliency.4.7.0.dylib; sourceTree = "<group>"; };
		2B1029012996C76200418CC6 /* libopencv_rgbd.4.7.0.dylib */ = {isa = PBXFileReference; lastKnownFileType = "compiled.mach-o.dylib"; name = libopencv_rgbd.4.7.0.dylib; path = ../../../../../../opt/homebrew/Cellar/opencv/4.7.0_1/lib/libopencv_rgbd.4.7.0.dylib; sourceTree = "<group>"; };
		2B1029022996C76200418CC6 /* libopencv_photo.4.7.0.dylib */ = {isa = PBXFileReference; lastKnownFileType = "compiled.mach-o.dylib"; name = libopencv_photo.4.7.0.dylib; path = ../../../../../../opt/homebrew/Cellar/opencv/4.7.0_1/lib/libopencv_photo.4.7.0.dylib; sourceTree = "<group>"; };
		2B1029032996C76200418CC6 /* libopencv_dnn.4.7.0.dylib */ = {isa = PBXFileReference; lastKnownFileType = "compiled.mach-o.dylib"; name = libopencv_dnn.4.7.0.dylib; path = ../../../../../../opt/homebrew/Cellar/opencv/4.7.0_1/lib/libopencv_dnn.4.7.0.dylib; sourceTree = "<group>"; };
		2B1029042996C76200418CC6 /* libopencv_dnn_objdetect.4.7.0.dylib */ = {isa = PBXFileReference; lastKnownFileType = "compiled.mach-o.dylib"; name = libopencv_dnn_objdetect.4.7.0.dylib; path = ../../../../../../opt/homebrew/Cellar/opencv/4.7.0_1/lib/libopencv_dnn_objdetect.4.7.0.dylib; sourceTree = "<group>"; };
		2B1029052996C76300418CC6 /* libopencv_features2d.4.7.0.dylib */ = {isa = PBXFileReference; lastKnownFileType = "compiled.mach-o.dylib"; name = libopencv_features2d.4.7.0.dylib; path = ../../../../../../opt/homebrew/Cellar/opencv/4.7.0_1/lib/libopencv_features2d.4.7.0.dylib; sourceTree = "<group>"; };
		2B1029062996C76300418CC6 /* libopencv_plot.4.7.0.dylib */ = {isa = PBXFileReference; lastKnownFileType = "compiled.mach-o.dylib"; name = libopencv_plot.4.7.0.dylib; path = ../../../../../../opt/homebrew/Cellar/opencv/4.7.0_1/lib/libopencv_plot.4.7.0.dylib; sourceTree = "<group>"; };
		2B1029072996C76300418CC6 /* libopencv_stereo.4.7.0.dylib */ = {isa = PBXFileReference; lastKnownFileType = "compiled.mach-o.dylib"; name = libopencv_stereo.4.7.0.dylib; path = ../../../../../../opt/homebrew/Cellar/opencv/4.7.0_1/lib/libopencv_stereo.4.7.0.dylib; sourceTree = "<group>"; };
		2B1029082996C76300418CC6 /* libopencv_xfeatures2d.4.7.0.dylib */ = {isa = PBXFileReference; lastKnownFileType = "compiled.mach-o.dylib"; name = libopencv_xfeatures2d.4.7.0.dylib; path = ../../../../../../opt/homebrew/Cellar/opencv/4.7.0_1/lib/libopencv_xfeatures2d.4.7.0.dylib; sourceTree = "<group>"; };
		2B1029092996C76300418CC6 /* libopencv_shape.4.7.0.dylib */ = {isa = PBXFileReference; lastKnownFileType = "compiled.mach-o.dylib"; name = libopencv_shape.4.7.0.dylib; path = ../../../../../../opt/homebrew/Cellar/opencv/4.7.0_1/lib/libopencv_shape.4.7.0.dylib; sourceTree = "<group>"; };
		2B10290A2996C76300418CC6 /* libopencv_gapi.4.7.0.dylib */ = {isa = PBXFileReference; lastKnownFileType = "compiled.mach-o.dylib"; name = libopencv_gapi.4.7.0.dylib; path = ../../../../../../opt/homebrew/Cellar/opencv/4.7.0_1/lib/libopencv_gapi.4.7.0.dylib; sourceTree = "<group>"; };
		2B10290B2996C76300418CC6 /* libopencv_datasets.4.7.0.dylib */ = {isa = PBXFileReference; lastKnownFileType = "compiled.mach-o.dylib"; name = libopencv_datasets.4.7.0.dylib; path = ../../../../../../opt/homebrew/Cellar/opencv/4.7.0_1/lib/libopencv_datasets.4.7.0.dylib; sourceTree = "<group>"; };
		2B10290C2996C76300418CC6 /* libopencv_ml.4.7.0.dylib */ = {isa = PBXFileReference; lastKnownFileType = "compiled.mach-o.dylib"; name = libopencv_ml.4.7.0.dylib; path = ../../../../../../opt/homebrew/Cellar/opencv/4.7.0_1/lib/libopencv_ml.4.7.0.dylib; sourceTree = "<group>"; };
		2B10290D2996C76300418CC6 /* libopencv_wechat_qrcode.4.7.0.dylib */ = {isa = PBXFileReference; lastKnownFileType = "compiled.mach-o.dylib"; name = libopencv_wechat_qrcode.4.7.0.dylib; path = ../../../../../../opt/homebrew/Cellar/opencv/4.7.0_1/lib/libopencv_wechat_qrcode.4.7.0.dylib; sourceTree = "<group>"; };
		2B10290E2996C76300418CC6 /* libopencv_quality.4.7.0.dylib */ = {isa = PBXFileReference; lastKnownFileType = "compiled.mach-o.dylib"; name = libopencv_quality.4.7.0.dylib; path = ../../../../../../opt/homebrew/Cellar/opencv/4.7.0_1/lib/libopencv_quality.4.7.0.dylib; sourceTree = "<group>"; };
		2B10290F2996C76300418CC6 /* libopencv_reg.4.7.0.dylib */ = {isa = PBXFileReference; lastKnownFileType = "compiled.mach-o.dylib"; name = libopencv_reg.4.7.0.dylib; path = ../../../../../../opt/homebrew/Cellar/opencv/4.7.0_1/lib/libopencv_reg.4.7.0.dylib; sourceTree = "<group>"; };
		2B1029102996C76300418CC6 /* libopencv_highgui.4.7.0.dylib */ = {isa = PBXFileReference; lastKnownFileType = "compiled.mach-o.dylib"; name = libopencv_highgui.4.7.0.dylib; path = ../../../../../../opt/homebrew/Cellar/opencv/4.7.0_1/lib/libopencv_highgui.4.7.0.dylib; sourceTree = "<group>"; };
		2B1029112996C76300418CC6 /* libopencv_stitching.4.7.0.dylib */ = {isa = PBXFileReference; lastKnownFileType = "compiled.mach-o.dylib"; name = libopencv_stitching.4.7.0.dylib; path = ../../../../../../opt/homebrew/Cellar/opencv/4.7.0_1/lib/libopencv_stitching.4.7.0.dylib; sourceTree = "<group>"; };
		2B1029122996C76300418CC6 /* libopencv_hfs.4.7.0.dylib */ = {isa = PBXFileReference; lastKnownFileType = "compiled.mach-o.dylib"; name = libopencv_hfs.4.7.0.dylib; path = ../../../../../../opt/homebrew/Cellar/opencv/4.7.0_1/lib/libopencv_hfs.4.7.0.dylib; sourceTree = "<group>"; };
		2B1029132996C76300418CC6 /* libopencv_text.4.7.0.dylib */ = {isa = PBXFileReference; lastKnownFileType = "compiled.mach-o.dylib"; name = libopencv_text.4.7.0.dylib; path = ../../../../../../opt/homebrew/Cellar/opencv/4.7.0_1/lib/libopencv_text.4.7.0.dylib; sourceTree = "<group>"; };
		2B1029142996C76300418CC6 /* libopencv_dpm.4.7.0.dylib */ = {isa = PBXFileReference; lastKnownFileType = "compiled.mach-o.dylib"; name = libopencv_dpm.4.7.0.dylib; path = ../../../../../../opt/homebrew/Cellar/opencv/4.7.0_1/lib/libopencv_dpm.4.7.0.dylib; sourceTree = "<group>"; };
		2B1029152996C76300418CC6 /* libopencv_tracking.4.7.0.dylib */ = {isa = PBXFileReference; lastKnownFileType = "compiled.mach-o.dylib"; name = libopencv_tracking.4.7.0.dylib; path = ../../../../../../opt/homebrew/Cellar/opencv/4.7.0_1/lib/libopencv_tracking.4.7.0.dylib; sourceTree = "<group>"; };
		2B1029162996C76300418CC6 /* libopencv_objdetect.4.7.0.dylib */ = {isa = PBXFileReference; lastKnownFileType = "compiled.mach-o.dylib"; name = libopencv_objdetect.4.7.0.dylib; path = ../../../../../../opt/homebrew/Cellar/opencv/4.7.0_1/lib/libopencv_objdetect.4.7.0.dylib; sourceTree = "<group>"; };
		2B1029172996C76300418CC6 /* libopencv_imgcodecs.4.7.0.dylib */ = {isa = PBXFileReference; lastKnownFileType = "compiled.mach-o.dylib"; name = libopencv_imgcodecs.4.7.0.dylib; path = ../../../../../../opt/homebrew/Cellar/opencv/4.7.0_1/lib/libopencv_imgcodecs.4.7.0.dylib; sourceTree = "<group>"; };
		2B1029182996C76300418CC6 /* libopencv_ximgproc.4.7.0.dylib */ = {isa = PBXFileReference; lastKnownFileType = "compiled.mach-o.dylib"; name = libopencv_ximgproc.4.7.0.dylib; path = ../../../../../../opt/homebrew/Cellar/opencv/4.7.0_1/lib/libopencv_ximgproc.4.7.0.dylib; sourceTree = "<group>"; };
		2B1029192996C76300418CC6 /* libopencv_intensity_transform.4.7.0.dylib */ = {isa = PBXFileReference; lastKnownFileType = "compiled.mach-o.dylib"; name = libopencv_intensity_transform.4.7.0.dylib; path = ../../../../../../opt/homebrew/Cellar/opencv/4.7.0_1/lib/libopencv_intensity_transform.4.7.0.dylib; sourceTree = "<group>"; };
		2B10291A2996C76300418CC6 /* libopencv_fuzzy.4.7.0.dylib */ = {isa = PBXFileReference; lastKnownFileType = "compiled.mach-o.dylib"; name = libopencv_fuzzy.4.7.0.dylib; path = ../../../../../../opt/homebrew/Cellar/opencv/4.7.0_1/lib/libopencv_fuzzy.4.7.0.dylib; sourceTree = "<group>"; };
		2B10291B2996C76300418CC6 /* libopencv_bioinspired.4.7.0.dylib */ = {isa = PBXFileReference; lastKnownFileType = "compiled.mach-o.dylib"; name = libopencv_bioinspired.4.7.0.dylib; path = ../../../../../../opt/homebrew/Cellar/opencv/4.7.0_1/lib/libopencv_bioinspired.4.7.0.dylib; sourceTree = "<group>"; };
		2B329E1929961BEF00A50C45 /* CBIRSelectorTarget */ = {isa = PBXFileReference; explicitFileType = "compiled.mach-o.executable"; includeInIndex = 0; path = CBIRSelectorTarget; sourceTree = BUILT_PRODUCTS_DIR; };
		2B5FE0AB29A1D5E300CEE09A /* CBIRSelector.cpp */ = {isa = PBXFileReference; lastKnownFileType = sourcecode.cpp.cpp; path = CBIRSelector.cpp; sourceTree = "<group>"; };
		2B5FE0B329A1D7DA00CEE09A /* BaselineMatching.cpp */ = {isa = PBXFileReference; lastKnownFileType = sourcecode.cpp.cpp; path = BaselineMatching.cpp; sourceTree = "<group>"; };
		2B5FE0B429A1D7DA00CEE09A /* BaselineMatching.hpp */ = {isa = PBXFileReference; lastKnownFileType = sourcecode.cpp.h; path = BaselineMatching.hpp; sourceTree = "<group>"; };
		2B5FE0BC29A2BC1C00CEE09A /* Readme.txt */ = {isa = PBXFileReference; lastKnownFileType = text; path = Readme.txt; sourceTree = "<group>"; };
		2BD728242999BC6800A28681 /* HistogramMatching.cpp */ = {isa = PBXFileReference; lastKnownFileType = sourcecode.cpp.cpp; path = HistogramMatching.cpp; sourceTree = "<group>"; };
		2BD728252999BC6800A28681 /* HistogramMatching.hpp */ = {isa = PBXFileReference; lastKnownFileType = sourcecode.cpp.h; path = HistogramMatching.hpp; sourceTree = "<group>"; };
		2BD72827299E7AE600A28681 /* TextureAnalysis.cpp */ = {isa = PBXFileReference; lastKnownFileType = sourcecode.cpp.cpp; path = TextureAnalysis.cpp; sourceTree = "<group>"; };
		2BD72828299E7AE600A28681 /* TextureAnalysis.hpp */ = {isa = PBXFileReference; lastKnownFileType = sourcecode.cpp.h; path = TextureAnalysis.hpp; sourceTree = "<group>"; };
		2BD7282A29A0201B00A28681 /* CBIR.cpp */ = {isa = PBXFileReference; lastKnownFileType = sourcecode.cpp.cpp; path = CBIR.cpp; sourceTree = "<group>"; };
		2BD7282B29A0201B00A28681 /* CBIR.hpp */ = {isa = PBXFileReference; lastKnownFileType = sourcecode.cpp.h; path = CBIR.hpp; sourceTree = "<group>"; };
/* End PBXFileReference section */

/* Begin PBXFrameworksBuildPhase section */
		2B329E1629961BEF00A50C45 /* Frameworks */ = {
			isa = PBXFrameworksBuildPhase;
			buildActionMask = 2147483647;
			files = (
				2B10294C2996C76300418CC6 /* libopencv_dpm.4.7.0.dylib in Frameworks */,
				2B10294F2996C76300418CC6 /* libopencv_imgcodecs.4.7.0.dylib in Frameworks */,
				2B10293D2996C76300418CC6 /* libopencv_features2d.4.7.0.dylib in Frameworks */,
				2B1029532996C76300418CC6 /* libopencv_bioinspired.4.7.0.dylib in Frameworks */,
				2B10291D2996C76300418CC6 /* libopencv_mcc.4.7.0.dylib in Frameworks */,
				2B10293B2996C76300418CC6 /* libopencv_dnn.4.7.0.dylib in Frameworks */,
				2B1029312996C76300418CC6 /* libopencv_bgsegm.4.7.0.dylib in Frameworks */,
				2B1029222996C76300418CC6 /* libopencv_phase_unwrapping.4.7.0.dylib in Frameworks */,
				2B1029512996C76300418CC6 /* libopencv_intensity_transform.4.7.0.dylib in Frameworks */,
				2B10291C2996C76300418CC6 /* libopencv_xobjdetect.4.7.0.dylib in Frameworks */,
				2B10293F2996C76300418CC6 /* libopencv_stereo.4.7.0.dylib in Frameworks */,
				2B10294B2996C76300418CC6 /* libopencv_text.4.7.0.dylib in Frameworks */,
				2B1029422996C76300418CC6 /* libopencv_gapi.4.7.0.dylib in Frameworks */,
				2B10294A2996C76300418CC6 /* libopencv_hfs.4.7.0.dylib in Frameworks */,
				2B10292A2996C76300418CC6 /* libopencv_flann.4.7.0.dylib in Frameworks */,
				2B1029342996C76300418CC6 /* libopencv_structured_light.4.7.0.dylib in Frameworks */,
				2B1029522996C76300418CC6 /* libopencv_fuzzy.4.7.0.dylib in Frameworks */,
				2B1029272996C76300418CC6 /* libopencv_line_descriptor.4.7.0.dylib in Frameworks */,
				2B1029282996C76300418CC6 /* libopencv_freetype.4.7.0.dylib in Frameworks */,
				2B1029242996C76300418CC6 /* libopencv_xphoto.4.7.0.dylib in Frameworks */,
				2B1029382996C76300418CC6 /* libopencv_saliency.4.7.0.dylib in Frameworks */,
				2B10294E2996C76300418CC6 /* libopencv_objdetect.4.7.0.dylib in Frameworks */,
				2B1029402996C76300418CC6 /* libopencv_xfeatures2d.4.7.0.dylib in Frameworks */,
				2B10292C2996C76300418CC6 /* libopencv_surface_matching.4.7.0.dylib in Frameworks */,
				2B1029492996C76300418CC6 /* libopencv_stitching.4.7.0.dylib in Frameworks */,
				2B1029452996C76300418CC6 /* libopencv_wechat_qrcode.4.7.0.dylib in Frameworks */,
				2B1029362996C76300418CC6 /* libopencv_imgproc.4.7.0.dylib in Frameworks */,
				2B1029322996C76300418CC6 /* libopencv_face.4.7.0.dylib in Frameworks */,
				2B10292F2996C76300418CC6 /* libopencv_videoio.4.7.0.dylib in Frameworks */,
				2B10293C2996C76300418CC6 /* libopencv_dnn_objdetect.4.7.0.dylib in Frameworks */,
				2B1029352996C76300418CC6 /* libopencv_viz.4.7.0.dylib in Frameworks */,
				2B10292B2996C76300418CC6 /* libopencv_calib3d.4.7.0.dylib in Frameworks */,
				2B10291F2996C76300418CC6 /* libopencv_img_hash.4.7.0.dylib in Frameworks */,
				2B10293E2996C76300418CC6 /* libopencv_plot.4.7.0.dylib in Frameworks */,
				2B1029392996C76300418CC6 /* libopencv_rgbd.4.7.0.dylib in Frameworks */,
				2B10291E2996C76300418CC6 /* libopencv_sfm.4.7.0.dylib in Frameworks */,
				2B1029472996C76300418CC6 /* libopencv_reg.4.7.0.dylib in Frameworks */,
				2B1029442996C76300418CC6 /* libopencv_ml.4.7.0.dylib in Frameworks */,
				2B10294D2996C76300418CC6 /* libopencv_tracking.4.7.0.dylib in Frameworks */,
				2B1029462996C76300418CC6 /* libopencv_quality.4.7.0.dylib in Frameworks */,
				2B1029292996C76300418CC6 /* libopencv_dnn_superres.4.7.0.dylib in Frameworks */,
				2B1029232996C76300418CC6 /* libopencv_aruco.4.7.0.dylib in Frameworks */,
				2B1029482996C76300418CC6 /* libopencv_highgui.4.7.0.dylib in Frameworks */,
				2B10293A2996C76300418CC6 /* libopencv_photo.4.7.0.dylib in Frameworks */,
				2B1029412996C76300418CC6 /* libopencv_shape.4.7.0.dylib in Frameworks */,
				2B1029202996C76300418CC6 /* libopencv_optflow.4.7.0.dylib in Frameworks */,
				2B1029212996C76300418CC6 /* libopencv_core.4.7.0.dylib in Frameworks */,
				2B10292E2996C76300418CC6 /* libopencv_ccalib.4.7.0.dylib in Frameworks */,
				2B1029252996C76300418CC6 /* libopencv_rapid.4.7.0.dylib in Frameworks */,
				2B1029502996C76300418CC6 /* libopencv_ximgproc.4.7.0.dylib in Frameworks */,
				2B1029302996C76300418CC6 /* libopencv_video.4.7.0.dylib in Frameworks */,
				2B10292D2996C76300418CC6 /* libopencv_videostab.4.7.0.dylib in Frameworks */,
				2B1029332996C76300418CC6 /* libopencv_alphamat.4.7.0.dylib in Frameworks */,
				2B1029262996C76300418CC6 /* libopencv_barcode.4.7.0.dylib in Frameworks */,
				2B1029372996C76300418CC6 /* libopencv_superres.4.7.0.dylib in Frameworks */,
				2B1029432996C76300418CC6 /* libopencv_datasets.4.7.0.dylib in Frameworks */,
			);
			runOnlyForDeploymentPostprocessing = 0;
		};
/* End PBXFrameworksBuildPhase section */

/* Begin PBXGroup section */
		2B329E1029961BEF00A50C45 = {
			isa = PBXGroup;
			children = (
				2B1028FB2996C76200418CC6 /* libopencv_alphamat.4.7.0.dylib */,
				2B1028EB2996C76200418CC6 /* libopencv_aruco.4.7.0.dylib */,
				2B1028EE2996C76200418CC6 /* libopencv_barcode.4.7.0.dylib */,
				2B1028F92996C76200418CC6 /* libopencv_bgsegm.4.7.0.dylib */,
				2B10291B2996C76300418CC6 /* libopencv_bioinspired.4.7.0.dylib */,
				2B1028F32996C76200418CC6 /* libopencv_calib3d.4.7.0.dylib */,
				2B1028F62996C76200418CC6 /* libopencv_ccalib.4.7.0.dylib */,
				2B1028E92996C76200418CC6 /* libopencv_core.4.7.0.dylib */,
				2B10290B2996C76300418CC6 /* libopencv_datasets.4.7.0.dylib */,
				2B1029042996C76200418CC6 /* libopencv_dnn_objdetect.4.7.0.dylib */,
				2B1028F12996C76200418CC6 /* libopencv_dnn_superres.4.7.0.dylib */,
				2B1029032996C76200418CC6 /* libopencv_dnn.4.7.0.dylib */,
				2B1029142996C76300418CC6 /* libopencv_dpm.4.7.0.dylib */,
				2B1028FA2996C76200418CC6 /* libopencv_face.4.7.0.dylib */,
				2B1029052996C76300418CC6 /* libopencv_features2d.4.7.0.dylib */,
				2B1028F22996C76200418CC6 /* libopencv_flann.4.7.0.dylib */,
				2B1028F02996C76200418CC6 /* libopencv_freetype.4.7.0.dylib */,
				2B10291A2996C76300418CC6 /* libopencv_fuzzy.4.7.0.dylib */,
				2B10290A2996C76300418CC6 /* libopencv_gapi.4.7.0.dylib */,
				2B1029122996C76300418CC6 /* libopencv_hfs.4.7.0.dylib */,
				2B1029102996C76300418CC6 /* libopencv_highgui.4.7.0.dylib */,
				2B1028E72996C76200418CC6 /* libopencv_img_hash.4.7.0.dylib */,
				2B1029172996C76300418CC6 /* libopencv_imgcodecs.4.7.0.dylib */,
				2B1028FE2996C76200418CC6 /* libopencv_imgproc.4.7.0.dylib */,
				2B1029192996C76300418CC6 /* libopencv_intensity_transform.4.7.0.dylib */,
				2B1028EF2996C76200418CC6 /* libopencv_line_descriptor.4.7.0.dylib */,
				2B1028E52996C76200418CC6 /* libopencv_mcc.4.7.0.dylib */,
				2B10290C2996C76300418CC6 /* libopencv_ml.4.7.0.dylib */,
				2B1029162996C76300418CC6 /* libopencv_objdetect.4.7.0.dylib */,
				2B1028E82996C76200418CC6 /* libopencv_optflow.4.7.0.dylib */,
				2B1028EA2996C76200418CC6 /* libopencv_phase_unwrapping.4.7.0.dylib */,
				2B1029022996C76200418CC6 /* libopencv_photo.4.7.0.dylib */,
				2B1029062996C76300418CC6 /* libopencv_plot.4.7.0.dylib */,
				2B10290E2996C76300418CC6 /* libopencv_quality.4.7.0.dylib */,
				2B1028ED2996C76200418CC6 /* libopencv_rapid.4.7.0.dylib */,
				2B10290F2996C76300418CC6 /* libopencv_reg.4.7.0.dylib */,
				2B1029012996C76200418CC6 /* libopencv_rgbd.4.7.0.dylib */,
				2B1029002996C76200418CC6 /* libopencv_saliency.4.7.0.dylib */,
				2B1028E62996C76200418CC6 /* libopencv_sfm.4.7.0.dylib */,
				2B1029092996C76300418CC6 /* libopencv_shape.4.7.0.dylib */,
				2B1029072996C76300418CC6 /* libopencv_stereo.4.7.0.dylib */,
				2B1029112996C76300418CC6 /* libopencv_stitching.4.7.0.dylib */,
				2B1028FC2996C76200418CC6 /* libopencv_structured_light.4.7.0.dylib */,
				2B1028FF2996C76200418CC6 /* libopencv_superres.4.7.0.dylib */,
				2B1028F42996C76200418CC6 /* libopencv_surface_matching.4.7.0.dylib */,
				2B1029132996C76300418CC6 /* libopencv_text.4.7.0.dylib */,
				2B1029152996C76300418CC6 /* libopencv_tracking.4.7.0.dylib */,
				2B1028F82996C76200418CC6 /* libopencv_video.4.7.0.dylib */,
				2B1028F72996C76200418CC6 /* libopencv_videoio.4.7.0.dylib */,
				2B1028F52996C76200418CC6 /* libopencv_videostab.4.7.0.dylib */,
				2B1028FD2996C76200418CC6 /* libopencv_viz.4.7.0.dylib */,
				2B10290D2996C76300418CC6 /* libopencv_wechat_qrcode.4.7.0.dylib */,
				2B1029082996C76300418CC6 /* libopencv_xfeatures2d.4.7.0.dylib */,
				2B1029182996C76300418CC6 /* libopencv_ximgproc.4.7.0.dylib */,
				2B1028E42996C76200418CC6 /* libopencv_xobjdetect.4.7.0.dylib */,
				2B1028EC2996C76200418CC6 /* libopencv_xphoto.4.7.0.dylib */,
				2B329E1B29961BEF00A50C45 /* ReadFiles */,
				2B329E1A29961BEF00A50C45 /* Products */,
			);
			sourceTree = "<group>";
		};
		2B329E1A29961BEF00A50C45 /* Products */ = {
			isa = PBXGroup;
			children = (
				2B329E1929961BEF00A50C45 /* CBIRSelectorTarget */,
			);
			name = Products;
			sourceTree = "<group>";
		};
		2B329E1B29961BEF00A50C45 /* ReadFiles */ = {
			isa = PBXGroup;
			children = (
				2B5FE0BB29A1DD2500CEE09A /* CBIR */,
				2B5FE0BA29A1DC3A00CEE09A /* TextureAnalysis */,
				2B5FE0B629A1DA1C00CEE09A /* HistogramMatching */,
				2B5FE0B229A1D7BE00CEE09A /* BaselineMatching */,
				2B1028E22996B17500418CC6 /* csv_util.cpp */,
				2B1028E12996B17500418CC6 /* csv_util.h */,
				2B5FE0AB29A1D5E300CEE09A /* CBIRSelector.cpp */,
				2B5FE0BC29A2BC1C00CEE09A /* Readme.txt */,
			);
			path = ReadFiles;
			sourceTree = "<group>";
		};
		2B5FE0B229A1D7BE00CEE09A /* BaselineMatching */ = {
			isa = PBXGroup;
			children = (
				2B5FE0B329A1D7DA00CEE09A /* BaselineMatching.cpp */,
				2B5FE0B429A1D7DA00CEE09A /* BaselineMatching.hpp */,
			);
			path = BaselineMatching;
			sourceTree = "<group>";
		};
		2B5FE0B629A1DA1C00CEE09A /* HistogramMatching */ = {
			isa = PBXGroup;
			children = (
				2BD728242999BC6800A28681 /* HistogramMatching.cpp */,
				2BD728252999BC6800A28681 /* HistogramMatching.hpp */,
			);
			path = HistogramMatching;
			sourceTree = "<group>";
		};
		2B5FE0BA29A1DC3A00CEE09A /* TextureAnalysis */ = {
			isa = PBXGroup;
			children = (
				2BD72827299E7AE600A28681 /* TextureAnalysis.cpp */,
				2BD72828299E7AE600A28681 /* TextureAnalysis.hpp */,
			);
			path = TextureAnalysis;
			sourceTree = "<group>";
		};
		2B5FE0BB29A1DD2500CEE09A /* CBIR */ = {
			isa = PBXGroup;
			children = (
				2BD7282A29A0201B00A28681 /* CBIR.cpp */,
				2BD7282B29A0201B00A28681 /* CBIR.hpp */,
			);
			path = CBIR;
			sourceTree = "<group>";
		};
/* End PBXGroup section */

/* Begin PBXNativeTarget section */
		2B329E1829961BEF00A50C45 /* CBIRSelectorTarget */ = {
			isa = PBXNativeTarget;
			buildConfigurationList = 2B329E2029961BEF00A50C45 /* Build configuration list for PBXNativeTarget "CBIRSelectorTarget" */;
			buildPhases = (
				2B329E1529961BEF00A50C45 /* Sources */,
				2B329E1629961BEF00A50C45 /* Frameworks */,
				2B329E1729961BEF00A50C45 /* CopyFiles */,
			);
			buildRules = (
			);
			dependencies = (
			);
			name = CBIRSelectorTarget;
			productName = ReadFiles;
			productReference = 2B329E1929961BEF00A50C45 /* CBIRSelectorTarget */;
			productType = "com.apple.product-type.tool";
		};
/* End PBXNativeTarget section */

/* Begin PBXProject section */
		2B329E1129961BEF00A50C45 /* Project object */ = {
			isa = PBXProject;
			attributes = {
				BuildIndependentTargetsInParallel = 1;
				LastUpgradeCheck = 1420;
				TargetAttributes = {
					2B329E1829961BEF00A50C45 = {
						CreatedOnToolsVersion = 14.2;
					};
				};
			};
			buildConfigurationList = 2B329E1429961BEF00A50C45 /* Build configuration list for PBXProject "ReadFiles" */;
			compatibilityVersion = "Xcode 14.0";
			developmentRegion = en;
			hasScannedForEncodings = 0;
			knownRegions = (
				en,
				Base,
			);
			mainGroup = 2B329E1029961BEF00A50C45;
			productRefGroup = 2B329E1A29961BEF00A50C45 /* Products */;
			projectDirPath = "";
			projectRoot = "";
			targets = (
				2B329E1829961BEF00A50C45 /* CBIRSelectorTarget */,
			);
		};
/* End PBXProject section */

/* Begin PBXSourcesBuildPhase section */
		2B329E1529961BEF00A50C45 /* Sources */ = {
			isa = PBXSourcesBuildPhase;
			buildActionMask = 2147483647;
			files = (
				2BD72829299E7AE600A28681 /* TextureAnalysis.cpp in Sources */,
				2B5FE0AD29A1D6C000CEE09A /* CBIRSelector.cpp in Sources */,
				2B5FE0B529A1D7DA00CEE09A /* BaselineMatching.cpp in Sources */,
				2B1028E32996B17500418CC6 /* csv_util.cpp in Sources */,
				2BD7282C29A0201B00A28681 /* CBIR.cpp in Sources */,
				2BD728262999BC6800A28681 /* HistogramMatching.cpp in Sources */,
			);
			runOnlyForDeploymentPostprocessing = 0;
		};
/* End PBXSourcesBuildPhase section */

/* Begin XCBuildConfiguration section */
		2B329E1E29961BEF00A50C45 /* Debug */ = {
			isa = XCBuildConfiguration;
			buildSettings = {
				ALWAYS_SEARCH_USER_PATHS = NO;
				CLANG_ANALYZER_NONNULL = YES;
				CLANG_ANALYZER_NUMBER_OBJECT_CONVERSION = YES_AGGRESSIVE;
				CLANG_CXX_LANGUAGE_STANDARD = "gnu++20";
				CLANG_ENABLE_MODULES = YES;
				CLANG_ENABLE_OBJC_ARC = YES;
				CLANG_ENABLE_OBJC_WEAK = YES;
				CLANG_WARN_BLOCK_CAPTURE_AUTORELEASING = YES;
				CLANG_WARN_BOOL_CONVERSION = YES;
				CLANG_WARN_COMMA = YES;
				CLANG_WARN_CONSTANT_CONVERSION = YES;
				CLANG_WARN_DEPRECATED_OBJC_IMPLEMENTATIONS = YES;
				CLANG_WARN_DIRECT_OBJC_ISA_USAGE = YES_ERROR;
				CLANG_WARN_DOCUMENTATION_COMMENTS = YES;
				CLANG_WARN_EMPTY_BODY = YES;
				CLANG_WARN_ENUM_CONVERSION = YES;
				CLANG_WARN_INFINITE_RECURSION = YES;
				CLANG_WARN_INT_CONVERSION = YES;
				CLANG_WARN_NON_LITERAL_NULL_CONVERSION = YES;
				CLANG_WARN_OBJC_IMPLICIT_RETAIN_SELF = YES;
				CLANG_WARN_OBJC_LITERAL_CONVERSION = YES;
				CLANG_WARN_OBJC_ROOT_CLASS = YES_ERROR;
				CLANG_WARN_QUOTED_INCLUDE_IN_FRAMEWORK_HEADER = YES;
				CLANG_WARN_RANGE_LOOP_ANALYSIS = YES;
				CLANG_WARN_STRICT_PROTOTYPES = YES;
				CLANG_WARN_SUSPICIOUS_MOVE = YES;
				CLANG_WARN_UNGUARDED_AVAILABILITY = YES_AGGRESSIVE;
				CLANG_WARN_UNREACHABLE_CODE = YES;
				CLANG_WARN__DUPLICATE_METHOD_MATCH = YES;
				COPY_PHASE_STRIP = NO;
				DEBUG_INFORMATION_FORMAT = dwarf;
				ENABLE_STRICT_OBJC_MSGSEND = YES;
				ENABLE_TESTABILITY = YES;
				GCC_C_LANGUAGE_STANDARD = gnu11;
				GCC_DYNAMIC_NO_PIC = NO;
				GCC_NO_COMMON_BLOCKS = YES;
				GCC_OPTIMIZATION_LEVEL = 0;
				GCC_PREPROCESSOR_DEFINITIONS = (
					"DEBUG=1",
					"$(inherited)",
				);
				GCC_WARN_64_TO_32_BIT_CONVERSION = YES;
				GCC_WARN_ABOUT_RETURN_TYPE = YES_ERROR;
				GCC_WARN_UNDECLARED_SELECTOR = YES;
				GCC_WARN_UNINITIALIZED_AUTOS = YES_AGGRESSIVE;
				GCC_WARN_UNUSED_FUNCTION = YES;
				GCC_WARN_UNUSED_VARIABLE = YES;
				HEADER_SEARCH_PATHS = "/opt/homebrew/Cellar/opencv/4.7.0_1/include/opencv4/**";
				INFOPLIST_KEY_NSDesktopFolderUsageDescription = "";
				MACOSX_DEPLOYMENT_TARGET = 13.1;
				MTL_ENABLE_DEBUG_INFO = INCLUDE_SOURCE;
				MTL_FAST_MATH = YES;
				ONLY_ACTIVE_ARCH = YES;
				SDKROOT = macosx;
			};
			name = Debug;
		};
		2B329E1F29961BEF00A50C45 /* Release */ = {
			isa = XCBuildConfiguration;
			buildSettings = {
				ALWAYS_SEARCH_USER_PATHS = NO;
				CLANG_ANALYZER_NONNULL = YES;
				CLANG_ANALYZER_NUMBER_OBJECT_CONVERSION = YES_AGGRESSIVE;
				CLANG_CXX_LANGUAGE_STANDARD = "gnu++20";
				CLANG_ENABLE_MODULES = YES;
				CLANG_ENABLE_OBJC_ARC = YES;
				CLANG_ENABLE_OBJC_WEAK = YES;
				CLANG_WARN_BLOCK_CAPTURE_AUTORELEASING = YES;
				CLANG_WARN_BOOL_CONVERSION = YES;
				CLANG_WARN_COMMA = YES;
				CLANG_WARN_CONSTANT_CONVERSION = YES;
				CLANG_WARN_DEPRECATED_OBJC_IMPLEMENTATIONS = YES;
				CLANG_WARN_DIRECT_OBJC_ISA_USAGE = YES_ERROR;
				CLANG_WARN_DOCUMENTATION_COMMENTS = YES;
				CLANG_WARN_EMPTY_BODY = YES;
				CLANG_WARN_ENUM_CONVERSION = YES;
				CLANG_WARN_INFINITE_RECURSION = YES;
				CLANG_WARN_INT_CONVERSION = YES;
				CLANG_WARN_NON_LITERAL_NULL_CONVERSION = YES;
				CLANG_WARN_OBJC_IMPLICIT_RETAIN_SELF = YES;
				CLANG_WARN_OBJC_LITERAL_CONVERSION = YES;
				CLANG_WARN_OBJC_ROOT_CLASS = YES_ERROR;
				CLANG_WARN_QUOTED_INCLUDE_IN_FRAMEWORK_HEADER = YES;
				CLANG_WARN_RANGE_LOOP_ANALYSIS = YES;
				CLANG_WARN_STRICT_PROTOTYPES = YES;
				CLANG_WARN_SUSPICIOUS_MOVE = YES;
				CLANG_WARN_UNGUARDED_AVAILABILITY = YES_AGGRESSIVE;
				CLANG_WARN_UNREACHABLE_CODE = YES;
				CLANG_WARN__DUPLICATE_METHOD_MATCH = YES;
				COPY_PHASE_STRIP = NO;
				DEBUG_INFORMATION_FORMAT = "dwarf-with-dsym";
				ENABLE_NS_ASSERTIONS = NO;
				ENABLE_STRICT_OBJC_MSGSEND = YES;
				GCC_C_LANGUAGE_STANDARD = gnu11;
				GCC_NO_COMMON_BLOCKS = YES;
				GCC_WARN_64_TO_32_BIT_CONVERSION = YES;
				GCC_WARN_ABOUT_RETURN_TYPE = YES_ERROR;
				GCC_WARN_UNDECLARED_SELECTOR = YES;
				GCC_WARN_UNINITIALIZED_AUTOS = YES_AGGRESSIVE;
				GCC_WARN_UNUSED_FUNCTION = YES;
				GCC_WARN_UNUSED_VARIABLE = YES;
				HEADER_SEARCH_PATHS = "/opt/homebrew/Cellar/opencv/4.7.0_1/include/opencv4/**";
				INFOPLIST_KEY_NSDesktopFolderUsageDescription = "";
				MACOSX_DEPLOYMENT_TARGET = 13.1;
				MTL_ENABLE_DEBUG_INFO = NO;
				MTL_FAST_MATH = YES;
				SDKROOT = macosx;
			};
			name = Release;
		};
		2B329E2129961BEF00A50C45 /* Debug */ = {
			isa = XCBuildConfiguration;
			buildSettings = {
				CODE_SIGN_STYLE = Automatic;
				LIBRARY_SEARCH_PATHS = (
					"$(inherited)",
					/opt/homebrew/Cellar/opencv/4.7.0_1/lib,
				);
				PRODUCT_NAME = "$(TARGET_NAME)";
			};
			name = Debug;
		};
		2B329E2229961BEF00A50C45 /* Release */ = {
			isa = XCBuildConfiguration;
			buildSettings = {
				CODE_SIGN_STYLE = Automatic;
				LIBRARY_SEARCH_PATHS = (
					"$(inherited)",
					/opt/homebrew/Cellar/opencv/4.7.0_1/lib,
				);
				PRODUCT_NAME = "$(TARGET_NAME)";
			};
			name = Release;
		};
/* End XCBuildConfiguration section */

/* Begin XCConfigurationList section */
		2B329E1429961BEF00A50C45 /* Build configuration list for PBXProject "ReadFiles" */ = {
			isa = XCConfigurationList;
			buildConfigurations = (
				2B329E1E29961BEF00A50C45 /* Debug */,
				2B329E1F29961BEF00A50C45 /* Release */,
			);
			defaultConfigurationIsVisible = 0;
			defaultConfigurationName = Release;
		};
		2B329E2029961BEF00A50C45 /* Build configuration list for PBXNativeTarget "CBIRSelectorTarget" */ = {
			isa = XCConfigurationList;
			buildConfigurations = (
				2B329E2129961BEF00A50C45 /* Debug */,
				2B329E2229961BEF00A50C45 /* Release */,
			);
			defaultConfigurationIsVisible = 0;
			defaultConfigurationName = Release;
		};
/* End XCConfigurationList section */
	};
	rootObject = 2B329E1129961BEF00A50C45 /* Project object */;
}
